{
  "name": "@cuberqaq/fs-side",
  "version": "1.0.1",
  "lockfileVersion": 3,
  "requires": true,
  "packages": {
    "": {
      "name": "@cuberqaq/fs-side",
      "version": "1.0.1",
      "license": "MIT",
      "dependencies": {
        "@cuberqaq/path-polyfill": "^1.0.0"
      }
    },
    "node_modules/@cuberqaq/path-polyfill": {
      "version": "1.0.0",
      "resolved": "https://registry.npmjs.org/@cuberqaq/path-polyfill/-/path-polyfill-1.0.0.tgz",
      "integrity": "sha512-bErSKkoAyArzJFpwGyOBZLH+AsDlC676iIYUHkmTN6cQI6wAojopqN4k4uKtUF2sMGmmom27JvZk3sWX11aMgQ=="
    }
  }
}
